
Microsoft Visual Studio Solution File, Format Version 12.00
# Visual Studio Version 16
VisualStudioVersion = 16.0.31112.23
MinimumVisualStudioVersion = 10.0.40219.1
Project("{FAE04EC0-301F-11D3-BF4B-00C04F79EFBC}") = "ControllerConsumer", "ControllerConsumer\ControllerConsumer.csproj", "{6420B949-91B2-479C-B011-A29BAAFE4D8D}"
EndProject
Project("{FAE04EC0-301F-11D3-BF4B-00C04F79EFBC}") = "ControllerPublisher", "ControllerPublisher\ControllerPublisher.csproj", "{50EDEEC5-BB54-467D-AA2E-6DA51F301540}"
EndProject
Global
	GlobalSection(SolutionConfigurationPlatforms) = preSolution
		Debug|Any CPU = Debug|Any CPU
		Release|Any CPU = Release|Any CPU
	EndGlobalSection
	GlobalSection(ProjectConfigurationPlatforms) = postSolution
		{6420B949-91B2-479C-B011-A29BAAFE4D8D}.Debug|Any CPU.ActiveCfg = Debug|Any CPU
		{6420B949-91B2-479C-B011-A29BAAFE4D8D}.Debug|Any CPU.Build.0 = Debug|Any CPU
		{6420B949-91B2-479C-B011-A29BAAFE4D8D}.Release|Any CPU.ActiveCfg = Release|Any CPU
		{6420B949-91B2-479C-B011-A29BAAFE4D8D}.Release|Any CPU.Build.0 = Release|Any CPU
		{50EDEEC5-BB54-467D-AA2E-6DA51F301540}.Debug|Any CPU.ActiveCfg = Debug|Any CPU
		{50EDEEC5-BB54-467D-AA2E-6DA51F301540}.Debug|Any CPU.Build.0 = Debug|Any CPU
		{50EDEEC5-BB54-467D-AA2E-6DA51F301540}.Release|Any CPU.ActiveCfg = Release|Any CPU
		{50EDEEC5-BB54-467D-AA2E-6DA51F301540}.Release|Any CPU.Build.0 = Release|Any CPU
	EndGlobalSection
	GlobalSection(SolutionProperties) = preSolution
		HideSolutionNode = FALSE
	EndGlobalSection
	GlobalSection(ExtensibilityGlobals) = postSolution
		SolutionGuid = {973B49AA-BEA5-433F-BB6B-4B39739C4103}
	EndGlobalSection
EndGlobal
